
Microsoft Visual Studio Solution File, Format Version 12.00
# Visual Studio Version 17
VisualStudioVersion = 17.0.31903.59
MinimumVisualStudioVersion = 10.0.40219.1
Project("{FAE04EC0-301F-11D3-BF4B-00C04F79EFBC}") = "Burazerovic_Ispit_25_1_zadatak2", "Burazerovic_Ispit_25_1_zadatak2.csproj", "{CC794ECE-574F-45BF-91A0-A469AA032D7C}"
EndProject
Global
	GlobalSection(SolutionConfigurationPlatforms) = preSolution
		Debug|Any CPU = Debug|Any CPU
		Release|Any CPU = Release|Any CPU
	EndGlobalSection
	GlobalSection(ProjectConfigurationPlatforms) = postSolution
		{CC794ECE-574F-45BF-91A0-A469AA032D7C}.Debug|Any CPU.ActiveCfg = Debug|Any CPU
		{CC794ECE-574F-45BF-91A0-A469AA032D7C}.Debug|Any CPU.Build.0 = Debug|Any CPU
		{CC794ECE-574F-45BF-91A0-A469AA032D7C}.Release|Any CPU.ActiveCfg = Release|Any CPU
		{CC794ECE-574F-45BF-91A0-A469AA032D7C}.Release|Any CPU.Build.0 = Release|Any CPU
	EndGlobalSection
	GlobalSection(SolutionProperties) = preSolution
		HideSolutionNode = FALSE
	EndGlobalSection
	GlobalSection(ExtensibilityGlobals) = postSolution
		SolutionGuid = {9194A749-B3F6-4C9D-83DE-C87D1B9C1FF2}
	EndGlobalSection
EndGlobal
