
Microsoft Visual Studio Solution File, Format Version 12.00
# Visual Studio Version 17
VisualStudioVersion = 17.0.31903.59
MinimumVisualStudioVersion = 10.0.40219.1
Project("{FAE04EC0-301F-11D3-BF4B-00C04F79EFBC}") = "Burazerovic_Ispit25_1_zadatak3", "Burazerovic_Ispit25_1_zadatak3.csproj", "{9713C74A-D379-4F22-A4DE-C902C68C6F5A}"
EndProject
Global
	GlobalSection(SolutionConfigurationPlatforms) = preSolution
		Debug|Any CPU = Debug|Any CPU
		Release|Any CPU = Release|Any CPU
	EndGlobalSection
	GlobalSection(ProjectConfigurationPlatforms) = postSolution
		{9713C74A-D379-4F22-A4DE-C902C68C6F5A}.Debug|Any CPU.ActiveCfg = Debug|Any CPU
		{9713C74A-D379-4F22-A4DE-C902C68C6F5A}.Debug|Any CPU.Build.0 = Debug|Any CPU
		{9713C74A-D379-4F22-A4DE-C902C68C6F5A}.Release|Any CPU.ActiveCfg = Release|Any CPU
		{9713C74A-D379-4F22-A4DE-C902C68C6F5A}.Release|Any CPU.Build.0 = Release|Any CPU
	EndGlobalSection
	GlobalSection(SolutionProperties) = preSolution
		HideSolutionNode = FALSE
	EndGlobalSection
	GlobalSection(ExtensibilityGlobals) = postSolution
		SolutionGuid = {808511B9-6458-42E2-A86D-2243C79ED240}
	EndGlobalSection
EndGlobal
